<?xml version="1.0" encoding="utf-8"?>
<Project ToolsVersion="4.0" xmlns="http://schemas.microsoft.com/developer/msbuild/2003">
  <ItemGroup>
    <Filter Include="Source Files">
      <UniqueIdentifier>{4FC737F1-C7A5-4376-A066-2A32D752A2FF}</UniqueIdentifier>
      <Extensions>cpp;c;cc;cxx;def;odl;idl;hpj;bat;asm;asmx</Extensions>
    </Filter>
    <Filter Include="Resource Files">
      <UniqueIdentifier>{67DA6AB6-F800-4c08-8B7A-83BB121AAD01}</UniqueIdentifier>
      <Extensions>rc;ico;cur;bmp;dlg;rc2;rct;bin;rgs;gif;jpg;jpeg;jpe;resx;tiff;tif;png;wav;mfcribbon-ms</Extensions>
    </Filter>
    <Filter Include="Source Files\Crypto">
      <UniqueIdentifier>{0cd2f931-62f2-4018-aa79-c6d7e6b1c9ee}</UniqueIdentifier>
    </Filter>
  </ItemGroup>
  <ItemGroup>
    <ClInclude Include="BitcoinAddress.h">
      <Filter>Source Files</Filter>
    </ClInclude>
    <ClInclude Include="Input.h">
      <Filter>Source Files</Filter>
    </ClInclude>
    <ClInclude Include="Output.h">
      <Filter>Source Files</Filter>
    </ClInclude>
    <ClInclude Include="Transaction.h">
      <Filter>Source Files</Filter>
    </ClInclude>
    <ClInclude Include="Txid.h">
      <Filter>Source Files</Filter>
    </ClInclude>
    <ClInclude Include="Wallet.h">
      <Filter>Source Files</Filter>
    </ClInclude>
    <ClInclude Include="crypto\Ecdsa.h">
      <Filter>Source Files\Crypto</Filter>
    </ClInclude>
    <ClInclude Include="crypto\PrivateKey.h">
      <Filter>Source Files\Crypto</Filter>
    </ClInclude>
    <ClInclude Include="crypto\PublicKey.h">
      <Filter>Source Files\Crypto</Filter>
    </ClInclude>
    <ClInclude Include="crypto\Ripemd.h">
      <Filter>Source Files\Crypto</Filter>
    </ClInclude>
    <ClInclude Include="crypto\Sha256.h">
      <Filter>Source Files\Crypto</Filter>
    </ClInclude>
    <ClInclude Include="Base58.h">
      <Filter>Source Files</Filter>
    </ClInclude>
    <ClInclude Include="Base58Check.h">
      <Filter>Source Files</Filter>
    </ClInclude>
  </ItemGroup>
  <ItemGroup>
    <ClCompile Include="BitcoinAddress.cpp">
      <Filter>Source Files</Filter>
    </ClCompile>
    <ClCompile Include="Transaction.cpp">
      <Filter>Source Files</Filter>
    </ClCompile>
    <ClCompile Include="Input.cpp">
      <Filter>Source Files</Filter>
    </ClCompile>
    <ClCompile Include="Output.cpp">
      <Filter>Source Files</Filter>
    </ClCompile>
    <ClCompile Include="Txid.cpp">
      <Filter>Source Files</Filter>
    </ClCompile>
    <ClCompile Include="Wallet.cpp">
      <Filter>Source Files</Filter>
    </ClCompile>
    <ClCompile Include="crypto\Ecdsa.cpp">
      <Filter>Source Files\Crypto</Filter>
    </ClCompile>
    <ClCompile Include="crypto\PrivateKey.cpp">
      <Filter>Source Files\Crypto</Filter>
    </ClCompile>
    <ClCompile Include="crypto\PublicKey.cpp">
      <Filter>Source Files\Crypto</Filter>
    </ClCompile>
    <ClCompile Include="crypto\Ripemd.cpp">
      <Filter>Source Files\Crypto</Filter>
    </ClCompile>
    <ClCompile Include="crypto\Sha256.cpp">
      <Filter>Source Files\Crypto</Filter>
    </ClCompile>
    <ClCompile Include="Base58.cpp">
      <Filter>Source Files</Filter>
    </ClCompile>
    <ClCompile Include="Base58Check.cpp">
      <Filter>Source Files</Filter>
    </ClCompile>
  </ItemGroup>
</Project>